
Microsoft Visual Studio Solution File, Format Version 12.00
# Visual Studio Version 16
VisualStudioVersion = 16.0.30002.166
MinimumVisualStudioVersion = 10.0.40219.1
Project("{FAE04EC0-301F-11D3-BF4B-00C04F79EFBC}") = "WebAPIPrueba", "WebAPIPrueba\WebAPIPrueba.csproj", "{EB602E36-2AF1-4A4F-B9FA-991ECCAF9A1A}"
EndProject
Global
	GlobalSection(SolutionConfigurationPlatforms) = preSolution
		Debug|Any CPU = Debug|Any CPU
		Release|Any CPU = Release|Any CPU
	EndGlobalSection
	GlobalSection(ProjectConfigurationPlatforms) = postSolution
		{EB602E36-2AF1-4A4F-B9FA-991ECCAF9A1A}.Debug|Any CPU.ActiveCfg = Debug|Any CPU
		{EB602E36-2AF1-4A4F-B9FA-991ECCAF9A1A}.Debug|Any CPU.Build.0 = Debug|Any CPU
		{EB602E36-2AF1-4A4F-B9FA-991ECCAF9A1A}.Release|Any CPU.ActiveCfg = Release|Any CPU
		{EB602E36-2AF1-4A4F-B9FA-991ECCAF9A1A}.Release|Any CPU.Build.0 = Release|Any CPU
	EndGlobalSection
	GlobalSection(SolutionProperties) = preSolution
		HideSolutionNode = FALSE
	EndGlobalSection
	GlobalSection(ExtensibilityGlobals) = postSolution
		SolutionGuid = {5D719EE9-2670-49C2-8792-B892BCD338BF}
	EndGlobalSection
EndGlobal
